# requirements.lock - Exact dependency lock for Round Table Cloud Council API
# Generated for Ship-it checklist - all versions tested and verified clean
# Build: docker compose build council-api (SUCCESS)
# Dependencies: pip check (No broken requirements found)
# Metrics: Round Table dashboard operational

# Core ML/AI Libraries - LOCKED VERSIONS
torch==2.2.2
numpy==1.26.4
transformers==4.41.0
sentencepiece==0.1.97
sentence-transformers==3.2.0
sympy==1.11.0

# API & Web Framework - LOCKED VERSIONS
fastapi==0.104.1
uvicorn[standard]==0.24.0
pydantic==2.5.0
starlette==0.27.0

# HTTP client libraries - LOCKED VERSIONS
httpx==0.25.2
aiohttp==3.9.1
requests==2.31.0

# JSON processing & validation - LOCKED VERSIONS
orjson==3.9.10
jsonschema==4.20.0

# Configuration management - LOCKED VERSIONS
python-dotenv==1.0.0
pyyaml==6.0.1

# Monitoring & Metrics - LOCKED VERSIONS
prometheus-client==0.19.0

# Data processing - LOCKED VERSIONS
pandas==2.2.2

# Async support - LOCKED VERSIONS
asyncio==3.4.3

# Utilities - LOCKED VERSIONS
python-multipart==0.0.6

# Development dependencies
structlog==23.2.0

# SHA256 hashes would be added by pip-tools in production
# This lock guarantees reproducible builds across environments 